// !$*UTF8*$!
{
	archiveVersion = 1;
	classes = {
	};
	objectVersion = 56;
	objects = {

/* Begin PBXBuildFile section */
		236DEC042CE317E700B7BC88 /* tictactoe_but_betterApp.swift in Sources */ = {isa = PBXBuildFile; fileRef = 236DEC032CE317E700B7BC88 /* tictactoe_but_betterApp.swift */; };
		236DEC062CE317E700B7BC88 /* ContentView.swift in Sources */ = {isa = PBXBuildFile; fileRef = 236DEC052CE317E700B7BC88 /* ContentView.swift */; };
		236DEC082CE317EB00B7BC88 /* Assets.xcassets in Resources */ = {isa = PBXBuildFile; fileRef = 236DEC072CE317EB00B7BC88 /* Assets.xcassets */; };
		236DEC0B2CE317EB00B7BC88 /* Preview Assets.xcassets in Resources */ = {isa = PBXBuildFile; fileRef = 236DEC0A2CE317EB00B7BC88 /* Preview Assets.xcassets */; };
		236DEC152CE317EB00B7BC88 /* tictactoe_but_betterTests.swift in Sources */ = {isa = PBXBuildFile; fileRef = 236DEC142CE317EB00B7BC88 /* tictactoe_but_betterTests.swift */; };
		236DEC1F2CE317EB00B7BC88 /* tictactoe_but_betterUITests.swift in Sources */ = {isa = PBXBuildFile; fileRef = 236DEC1E2CE317EB00B7BC88 /* tictactoe_but_betterUITests.swift */; };
		236DEC212CE317EB00B7BC88 /* tictactoe_but_betterUITestsLaunchTests.swift in Sources */ = {isa = PBXBuildFile; fileRef = 236DEC202CE317EB00B7BC88 /* tictactoe_but_betterUITestsLaunchTests.swift */; };
/* End PBXBuildFile section */

/* Begin PBXContainerItemProxy section */
		236DEC112CE317EB00B7BC88 /* PBXContainerItemProxy */ = {
			isa = PBXContainerItemProxy;
			containerPortal = 236DEBF82CE317E700B7BC88 /* Project object */;
			proxyType = 1;
			remoteGlobalIDString = 236DEBFF2CE317E700B7BC88;
			remoteInfo = "tictactoe but better";
		};
		236DEC1B2CE317EB00B7BC88 /* PBXContainerItemProxy */ = {
			isa = PBXContainerItemProxy;
			containerPortal = 236DEBF82CE317E700B7BC88 /* Project object */;
			proxyType = 1;
			remoteGlobalIDString = 236DEBFF2CE317E700B7BC88;
			remoteInfo = "tictactoe but better";
		};
/* End PBXContainerItemProxy section */

/* Begin PBXFileReference section */
		236DEC002CE317E700B7BC88 /* tictactoe but better.app */ = {isa = PBXFileReference; explicitFileType = wrapper.application; includeInIndex = 0; path = "tictactoe but better.app"; sourceTree = BUILT_PRODUCTS_DIR; };
		236DEC032CE317E700B7BC88 /* tictactoe_but_betterApp.swift */ = {isa = PBXFileReference; lastKnownFileType = sourcecode.swift; path = tictactoe_but_betterApp.swift; sourceTree = "<group>"; };
		236DEC052CE317E700B7BC88 /* ContentView.swift */ = {isa = PBXFileReference; lastKnownFileType = sourcecode.swift; path = ContentView.swift; sourceTree = "<group>"; };
		236DEC072CE317EB00B7BC88 /* Assets.xcassets */ = {isa = PBXFileReference; lastKnownFileType = folder.assetcatalog; path = Assets.xcassets; sourceTree = "<group>"; };
		236DEC0A2CE317EB00B7BC88 /* Preview Assets.xcassets */ = {isa = PBXFileReference; lastKnownFileType = folder.assetcatalog; path = "Preview Assets.xcassets"; sourceTree = "<group>"; };
		236DEC102CE317EB00B7BC88 /* tictactoe but betterTests.xctest */ = {isa = PBXFileReference; explicitFileType = wrapper.cfbundle; includeInIndex = 0; path = "tictactoe but betterTests.xctest"; sourceTree = BUILT_PRODUCTS_DIR; };
		236DEC142CE317EB00B7BC88 /* tictactoe_but_betterTests.swift */ = {isa = PBXFileReference; lastKnownFileType = sourcecode.swift; path = tictactoe_but_betterTests.swift; sourceTree = "<group>"; };
		236DEC1A2CE317EB00B7BC88 /* tictactoe but betterUITests.xctest */ = {isa = PBXFileReference; explicitFileType = wrapper.cfbundle; includeInIndex = 0; path = "tictactoe but betterUITests.xctest"; sourceTree = BUILT_PRODUCTS_DIR; };
		236DEC1E2CE317EB00B7BC88 /* tictactoe_but_betterUITests.swift */ = {isa = PBXFileReference; lastKnownFileType = sourcecode.swift; path = tictactoe_but_betterUITests.swift; sourceTree = "<group>"; };
		236DEC202CE317EB00B7BC88 /* tictactoe_but_betterUITestsLaunchTests.swift */ = {isa = PBXFileReference; lastKnownFileType = sourcecode.swift; path = tictactoe_but_betterUITestsLaunchTests.swift; sourceTree = "<group>"; };
/* End PBXFileReference section */

/* Begin PBXFrameworksBuildPhase section */
		236DEBFD2CE317E700B7BC88 /* Frameworks */ = {
			isa = PBXFrameworksBuildPhase;
			buildActionMask = 2147483647;
			files = (
			);
			runOnlyForDeploymentPostprocessing = 0;
		};
		236DEC0D2CE317EB00B7BC88 /* Frameworks */ = {
			isa = PBXFrameworksBuildPhase;
			buildActionMask = 2147483647;
			files = (
			);
			runOnlyForDeploymentPostprocessing = 0;
		};
		236DEC172CE317EB00B7BC88 /* Frameworks */ = {
			isa = PBXFrameworksBuildPhase;
			buildActionMask = 2147483647;
			files = (
			);
			runOnlyForDeploymentPostprocessing = 0;
		};
/* End PBXFrameworksBuildPhase section */

/* Begin PBXGroup section */
		236DEBF72CE317E700B7BC88 = {
			isa = PBXGroup;
			children = (
				236DEC022CE317E700B7BC88 /* tictactoe but better */,
				236DEC132CE317EB00B7BC88 /* tictactoe but betterTests */,
				236DEC1D2CE317EB00B7BC88 /* tictactoe but betterUITests */,
				236DEC012CE317E700B7BC88 /* Products */,
			);
			sourceTree = "<group>";
		};
		236DEC012CE317E700B7BC88 /* Products */ = {
			isa = PBXGroup;
			children = (
				236DEC002CE317E700B7BC88 /* tictactoe but better.app */,
				236DEC102CE317EB00B7BC88 /* tictactoe but betterTests.xctest */,
				236DEC1A2CE317EB00B7BC88 /* tictactoe but betterUITests.xctest */,
			);
			name = Products;
			sourceTree = "<group>";
		};
		236DEC022CE317E700B7BC88 /* tictactoe but better */ = {
			isa = PBXGroup;
			children = (
				236DEC032CE317E700B7BC88 /* tictactoe_but_betterApp.swift */,
				236DEC052CE317E700B7BC88 /* ContentView.swift */,
				236DEC072CE317EB00B7BC88 /* Assets.xcassets */,
				236DEC092CE317EB00B7BC88 /* Preview Content */,
			);
			path = "tictactoe but better";
			sourceTree = "<group>";
		};
		236DEC092CE317EB00B7BC88 /* Preview Content */ = {
			isa = PBXGroup;
			children = (
				236DEC0A2CE317EB00B7BC88 /* Preview Assets.xcassets */,
			);
			path = "Preview Content";
			sourceTree = "<group>";
		};
		236DEC132CE317EB00B7BC88 /* tictactoe but betterTests */ = {
			isa = PBXGroup;
			children = (
				236DEC142CE317EB00B7BC88 /* tictactoe_but_betterTests.swift */,
			);
			path = "tictactoe but betterTests";
			sourceTree = "<group>";
		};
		236DEC1D2CE317EB00B7BC88 /* tictactoe but betterUITests */ = {
			isa = PBXGroup;
			children = (
				236DEC1E2CE317EB00B7BC88 /* tictactoe_but_betterUITests.swift */,
				236DEC202CE317EB00B7BC88 /* tictactoe_but_betterUITestsLaunchTests.swift */,
			);
			path = "tictactoe but betterUITests";
			sourceTree = "<group>";
		};
/* End PBXGroup section */

/* Begin PBXNativeTarget section */
		236DEBFF2CE317E700B7BC88 /* tictactoe but better */ = {
			isa = PBXNativeTarget;
			buildConfigurationList = 236DEC242CE317EB00B7BC88 /* Build configuration list for PBXNativeTarget "tictactoe but better" */;
			buildPhases = (
				236DEBFC2CE317E700B7BC88 /* Sources */,
				236DEBFD2CE317E700B7BC88 /* Frameworks */,
				236DEBFE2CE317E700B7BC88 /* Resources */,
			);
			buildRules = (
			);
			dependencies = (
			);
			name = "tictactoe but better";
			productName = "tictactoe but better";
			productReference = 236DEC002CE317E700B7BC88 /* tictactoe but better.app */;
			productType = "com.apple.product-type.application";
		};
		236DEC0F2CE317EB00B7BC88 /* tictactoe but betterTests */ = {
			isa = PBXNativeTarget;
			buildConfigurationList = 236DEC272CE317EB00B7BC88 /* Build configuration list for PBXNativeTarget "tictactoe but betterTests" */;
			buildPhases = (
				236DEC0C2CE317EB00B7BC88 /* Sources */,
				236DEC0D2CE317EB00B7BC88 /* Frameworks */,
				236DEC0E2CE317EB00B7BC88 /* Resources */,
			);
			buildRules = (
			);
			dependencies = (
				236DEC122CE317EB00B7BC88 /* PBXTargetDependency */,
			);
			name = "tictactoe but betterTests";
			productName = "tictactoe but betterTests";
			productReference = 236DEC102CE317EB00B7BC88 /* tictactoe but betterTests.xctest */;
			productType = "com.apple.product-type.bundle.unit-test";
		};
		236DEC192CE317EB00B7BC88 /* tictactoe but betterUITests */ = {
			isa = PBXNativeTarget;
			buildConfigurationList = 236DEC2A2CE317EB00B7BC88 /* Build configuration list for PBXNativeTarget "tictactoe but betterUITests" */;
			buildPhases = (
				236DEC162CE317EB00B7BC88 /* Sources */,
				236DEC172CE317EB00B7BC88 /* Frameworks */,
				236DEC182CE317EB00B7BC88 /* Resources */,
			);
			buildRules = (
			);
			dependencies = (
				236DEC1C2CE317EB00B7BC88 /* PBXTargetDependency */,
			);
			name = "tictactoe but betterUITests";
			productName = "tictactoe but betterUITests";
			productReference = 236DEC1A2CE317EB00B7BC88 /* tictactoe but betterUITests.xctest */;
			productType = "com.apple.product-type.bundle.ui-testing";
		};
/* End PBXNativeTarget section */

/* Begin PBXProject section */
		236DEBF82CE317E700B7BC88 /* Project object */ = {
			isa = PBXProject;
			attributes = {
				BuildIndependentTargetsInParallel = 1;
				LastSwiftUpdateCheck = 1540;
				LastUpgradeCheck = 1540;
				TargetAttributes = {
					236DEBFF2CE317E700B7BC88 = {
						CreatedOnToolsVersion = 15.4;
					};
					236DEC0F2CE317EB00B7BC88 = {
						CreatedOnToolsVersion = 15.4;
						TestTargetID = 236DEBFF2CE317E700B7BC88;
					};
					236DEC192CE317EB00B7BC88 = {
						CreatedOnToolsVersion = 15.4;
						TestTargetID = 236DEBFF2CE317E700B7BC88;
					};
				};
			};
			buildConfigurationList = 236DEBFB2CE317E700B7BC88 /* Build configuration list for PBXProject "tictactoe but better" */;
			compatibilityVersion = "Xcode 14.0";
			developmentRegion = en;
			hasScannedForEncodings = 0;
			knownRegions = (
				en,
				Base,
			);
			mainGroup = 236DEBF72CE317E700B7BC88;
			productRefGroup = 236DEC012CE317E700B7BC88 /* Products */;
			projectDirPath = "";
			projectRoot = "";
			targets = (
				236DEBFF2CE317E700B7BC88 /* tictactoe but better */,
				236DEC0F2CE317EB00B7BC88 /* tictactoe but betterTests */,
				236DEC192CE317EB00B7BC88 /* tictactoe but betterUITests */,
			);
		};
/* End PBXProject section */

/* Begin PBXResourcesBuildPhase section */
		236DEBFE2CE317E700B7BC88 /* Resources */ = {
			isa = PBXResourcesBuildPhase;
			buildActionMask = 2147483647;
			files = (
				236DEC0B2CE317EB00B7BC88 /* Preview Assets.xcassets in Resources */,
				236DEC082CE317EB00B7BC88 /* Assets.xcassets in Resources */,
			);
			runOnlyForDeploymentPostprocessing = 0;
		};
		236DEC0E2CE317EB00B7BC88 /* Resources */ = {
			isa = PBXResourcesBuildPhase;
			buildActionMask = 2147483647;
			files = (
			);
			runOnlyForDeploymentPostprocessing = 0;
		};
		236DEC182CE317EB00B7BC88 /* Resources */ = {
			isa = PBXResourcesBuildPhase;
			buildActionMask = 2147483647;
			files = (
			);
			runOnlyForDeploymentPostprocessing = 0;
		};
/* End PBXResourcesBuildPhase section */

/* Begin PBXSourcesBuildPhase section */
		236DEBFC2CE317E700B7BC88 /* Sources */ = {
			isa = PBXSourcesBuildPhase;
			buildActionMask = 2147483647;
			files = (
				236DEC062CE317E700B7BC88 /* ContentView.swift in Sources */,
				236DEC042CE317E700B7BC88 /* tictactoe_but_betterApp.swift in Sources */,
			);
			runOnlyForDeploymentPostprocessing = 0;
		};
		236DEC0C2CE317EB00B7BC88 /* Sources */ = {
			isa = PBXSourcesBuildPhase;
			buildActionMask = 2147483647;
			files = (
				236DEC152CE317EB00B7BC88 /* tictactoe_but_betterTests.swift in Sources */,
			);
			runOnlyForDeploymentPostprocessing = 0;
		};
		236DEC162CE317EB00B7BC88 /* Sources */ = {
			isa = PBXSourcesBuildPhase;
			buildActionMask = 2147483647;
			files = (
				236DEC1F2CE317EB00B7BC88 /* tictactoe_but_betterUITests.swift in Sources */,
				236DEC212CE317EB00B7BC88 /* tictactoe_but_betterUITestsLaunchTests.swift in Sources */,
			);
			runOnlyForDeploymentPostprocessing = 0;
		};
/* End PBXSourcesBuildPhase section */

/* Begin PBXTargetDependency section */
		236DEC122CE317EB00B7BC88 /* PBXTargetDependency */ = {
			isa = PBXTargetDependency;
			target = 236DEBFF2CE317E700B7BC88 /* tictactoe but better */;
			targetProxy = 236DEC112CE317EB00B7BC88 /* PBXContainerItemProxy */;
		};
		236DEC1C2CE317EB00B7BC88 /* PBXTargetDependency */ = {
			isa = PBXTargetDependency;
			target = 236DEBFF2CE317E700B7BC88 /* tictactoe but better */;
			targetProxy = 236DEC1B2CE317EB00B7BC88 /* PBXContainerItemProxy */;
		};
/* End PBXTargetDependency section */

/* Begin XCBuildConfiguration section */
		236DEC222CE317EB00B7BC88 /* Debug */ = {
			isa = XCBuildConfiguration;
			buildSettings = {
				ALWAYS_SEARCH_USER_PATHS = NO;
				ASSETCATALOG_COMPILER_GENERATE_SWIFT_ASSET_SYMBOL_EXTENSIONS = YES;
				CLANG_ANALYZER_NONNULL = YES;
				CLANG_ANALYZER_NUMBER_OBJECT_CONVERSION = YES_AGGRESSIVE;
				CLANG_CXX_LANGUAGE_STANDARD = "gnu++20";
				CLANG_ENABLE_MODULES = YES;
				CLANG_ENABLE_OBJC_ARC = YES;
				CLANG_ENABLE_OBJC_WEAK = YES;
				CLANG_WARN_BLOCK_CAPTURE_AUTORELEASING = YES;
				CLANG_WARN_BOOL_CONVERSION = YES;
				CLANG_WARN_COMMA = YES;
				CLANG_WARN_CONSTANT_CONVERSION = YES;
				CLANG_WARN_DEPRECATED_OBJC_IMPLEMENTATIONS = YES;
				CLANG_WARN_DIRECT_OBJC_ISA_USAGE = YES_ERROR;
				CLANG_WARN_DOCUMENTATION_COMMENTS = YES;
				CLANG_WARN_EMPTY_BODY = YES;
				CLANG_WARN_ENUM_CONVERSION = YES;
				CLANG_WARN_INFINITE_RECURSION = YES;
				CLANG_WARN_INT_CONVERSION = YES;
				CLANG_WARN_NON_LITERAL_NULL_CONVERSION = YES;
				CLANG_WARN_OBJC_IMPLICIT_RETAIN_SELF = YES;
				CLANG_WARN_OBJC_LITERAL_CONVERSION = YES;
				CLANG_WARN_OBJC_ROOT_CLASS = YES_ERROR;
				CLANG_WARN_QUOTED_INCLUDE_IN_FRAMEWORK_HEADER = YES;
				CLANG_WARN_RANGE_LOOP_ANALYSIS = YES;
				CLANG_WARN_STRICT_PROTOTYPES = YES;
				CLANG_WARN_SUSPICIOUS_MOVE = YES;
				CLANG_WARN_UNGUARDED_AVAILABILITY = YES_AGGRESSIVE;
				CLANG_WARN_UNREACHABLE_CODE = YES;
				CLANG_WARN__DUPLICATE_METHOD_MATCH = YES;
				COPY_PHASE_STRIP = NO;
				DEBUG_INFORMATION_FORMAT = dwarf;
				ENABLE_STRICT_OBJC_MSGSEND = YES;
				ENABLE_TESTABILITY = YES;
				ENABLE_USER_SCRIPT_SANDBOXING = YES;
				GCC_C_LANGUAGE_STANDARD = gnu17;
				GCC_DYNAMIC_NO_PIC = NO;
				GCC_NO_COMMON_BLOCKS = YES;
				GCC_OPTIMIZATION_LEVEL = 0;
				GCC_PREPROCESSOR_DEFINITIONS = (
					"DEBUG=1",
					"$(inherited)",
				);
				GCC_WARN_64_TO_32_BIT_CONVERSION = YES;
				GCC_WARN_ABOUT_RETURN_TYPE = YES_ERROR;
				GCC_WARN_UNDECLARED_SELECTOR = YES;
				GCC_WARN_UNINITIALIZED_AUTOS = YES_AGGRESSIVE;
				GCC_WARN_UNUSED_FUNCTION = YES;
				GCC_WARN_UNUSED_VARIABLE = YES;
				IPHONEOS_DEPLOYMENT_TARGET = 17.5;
				LOCALIZATION_PREFERS_STRING_CATALOGS = YES;
				MTL_ENABLE_DEBUG_INFO = INCLUDE_SOURCE;
				MTL_FAST_MATH = YES;
				ONLY_ACTIVE_ARCH = YES;
				SDKROOT = iphoneos;
				SWIFT_ACTIVE_COMPILATION_CONDITIONS = "DEBUG $(inherited)";
				SWIFT_OPTIMIZATION_LEVEL = "-Onone";
			};
			name = Debug;
		};
		236DEC232CE317EB00B7BC88 /* Release */ = {
			isa = XCBuildConfiguration;
			buildSettings = {
				ALWAYS_SEARCH_USER_PATHS = NO;
				ASSETCATALOG_COMPILER_GENERATE_SWIFT_ASSET_SYMBOL_EXTENSIONS = YES;
				CLANG_ANALYZER_NONNULL = YES;
				CLANG_ANALYZER_NUMBER_OBJECT_CONVERSION = YES_AGGRESSIVE;
				CLANG_CXX_LANGUAGE_STANDARD = "gnu++20";
				CLANG_ENABLE_MODULES = YES;
				CLANG_ENABLE_OBJC_ARC = YES;
				CLANG_ENABLE_OBJC_WEAK = YES;
				CLANG_WARN_BLOCK_CAPTURE_AUTORELEASING = YES;
				CLANG_WARN_BOOL_CONVERSION = YES;
				CLANG_WARN_COMMA = YES;
				CLANG_WARN_CONSTANT_CONVERSION = YES;
				CLANG_WARN_DEPRECATED_OBJC_IMPLEMENTATIONS = YES;
				CLANG_WARN_DIRECT_OBJC_ISA_USAGE = YES_ERROR;
				CLANG_WARN_DOCUMENTATION_COMMENTS = YES;
				CLANG_WARN_EMPTY_BODY = YES;
				CLANG_WARN_ENUM_CONVERSION = YES;
				CLANG_WARN_INFINITE_RECURSION = YES;
				CLANG_WARN_INT_CONVERSION = YES;
				CLANG_WARN_NON_LITERAL_NULL_CONVERSION = YES;
				CLANG_WARN_OBJC_IMPLICIT_RETAIN_SELF = YES;
				CLANG_WARN_OBJC_LITERAL_CONVERSION = YES;
				CLANG_WARN_OBJC_ROOT_CLASS = YES_ERROR;
				CLANG_WARN_QUOTED_INCLUDE_IN_FRAMEWORK_HEADER = YES;
				CLANG_WARN_RANGE_LOOP_ANALYSIS = YES;
				CLANG_WARN_STRICT_PROTOTYPES = YES;
				CLANG_WARN_SUSPICIOUS_MOVE = YES;
				CLANG_WARN_UNGUARDED_AVAILABILITY = YES_AGGRESSIVE;
				CLANG_WARN_UNREACHABLE_CODE = YES;
				CLANG_WARN__DUPLICATE_METHOD_MATCH = YES;
				COPY_PHASE_STRIP = NO;
				DEBUG_INFORMATION_FORMAT = "dwarf-with-dsym";
				ENABLE_NS_ASSERTIONS = NO;
				ENABLE_STRICT_OBJC_MSGSEND = YES;
				ENABLE_USER_SCRIPT_SANDBOXING = YES;
				GCC_C_LANGUAGE_STANDARD = gnu17;
				GCC_NO_COMMON_BLOCKS = YES;
				GCC_WARN_64_TO_32_BIT_CONVERSION = YES;
				GCC_WARN_ABOUT_RETURN_TYPE = YES_ERROR;
				GCC_WARN_UNDECLARED_SELECTOR = YES;
				GCC_WARN_UNINITIALIZED_AUTOS = YES_AGGRESSIVE;
				GCC_WARN_UNUSED_FUNCTION = YES;
				GCC_WARN_UNUSED_VARIABLE = YES;
				IPHONEOS_DEPLOYMENT_TARGET = 17.5;
				LOCALIZATION_PREFERS_STRING_CATALOGS = YES;
				MTL_ENABLE_DEBUG_INFO = NO;
				MTL_FAST_MATH = YES;
				SDKROOT = iphoneos;
				SWIFT_COMPILATION_MODE = wholemodule;
				VALIDATE_PRODUCT = YES;
			};
			name = Release;
		};
		236DEC252CE317EB00B7BC88 /* Debug */ = {
			isa = XCBuildConfiguration;
			buildSettings = {
				ASSETCATALOG_COMPILER_APPICON_NAME = AppIcon;
				ASSETCATALOG_COMPILER_GLOBAL_ACCENT_COLOR_NAME = AccentColor;
				CODE_SIGN_STYLE = Automatic;
				CURRENT_PROJECT_VERSION = 1;
				DEVELOPMENT_ASSET_PATHS = "\"tictactoe but better/Preview Content\"";
				ENABLE_PREVIEWS = YES;
				GENERATE_INFOPLIST_FILE = YES;
				INFOPLIST_KEY_UIApplicationSceneManifest_Generation = YES;
				INFOPLIST_KEY_UIApplicationSupportsIndirectInputEvents = YES;
				INFOPLIST_KEY_UILaunchScreen_Generation = YES;
				INFOPLIST_KEY_UISupportedInterfaceOrientations_iPad = "UIInterfaceOrientationPortrait UIInterfaceOrientationPortraitUpsideDown UIInterfaceOrientationLandscapeLeft UIInterfaceOrientationLandscapeRight";
				INFOPLIST_KEY_UISupportedInterfaceOrientations_iPhone = "UIInterfaceOrientationPortrait UIInterfaceOrientationLandscapeLeft UIInterfaceOrientationLandscapeRight";
				LD_RUNPATH_SEARCH_PATHS = (
					"$(inherited)",
					"@executable_path/Frameworks",
				);
				MARKETING_VERSION = 1.0;
				PRODUCT_BUNDLE_IDENTIFIER = "com.zhehsien.tictactoe-but-better";
				PRODUCT_NAME = "$(TARGET_NAME)";
				SWIFT_EMIT_LOC_STRINGS = YES;
				SWIFT_VERSION = 5.0;
				TARGETED_DEVICE_FAMILY = "1,2";
			};
			name = Debug;
		};
		236DEC262CE317EB00B7BC88 /* Release */ = {
			isa = XCBuildConfiguration;
			buildSettings = {
				ASSETCATALOG_COMPILER_APPICON_NAME = AppIcon;
				ASSETCATALOG_COMPILER_GLOBAL_ACCENT_COLOR_NAME = AccentColor;
				CODE_SIGN_STYLE = Automatic;
				CURRENT_PROJECT_VERSION = 1;
				DEVELOPMENT_ASSET_PATHS = "\"tictactoe but better/Preview Content\"";
				ENABLE_PREVIEWS = YES;
				GENERATE_INFOPLIST_FILE = YES;
				INFOPLIST_KEY_UIApplicationSceneManifest_Generation = YES;
				INFOPLIST_KEY_UIApplicationSupportsIndirectInputEvents = YES;
				INFOPLIST_KEY_UILaunchScreen_Generation = YES;
				INFOPLIST_KEY_UISupportedInterfaceOrientations_iPad = "UIInterfaceOrientationPortrait UIInterfaceOrientationPortraitUpsideDown UIInterfaceOrientationLandscapeLeft UIInterfaceOrientationLandscapeRight";
				INFOPLIST_KEY_UISupportedInterfaceOrientations_iPhone = "UIInterfaceOrientationPortrait UIInterfaceOrientationLandscapeLeft UIInterfaceOrientationLandscapeRight";
				LD_RUNPATH_SEARCH_PATHS = (
					"$(inherited)",
					"@executable_path/Frameworks",
				);
				MARKETING_VERSION = 1.0;
				PRODUCT_BUNDLE_IDENTIFIER = "com.zhehsien.tictactoe-but-better";
				PRODUCT_NAME = "$(TARGET_NAME)";
				SWIFT_EMIT_LOC_STRINGS = YES;
				SWIFT_VERSION = 5.0;
				TARGETED_DEVICE_FAMILY = "1,2";
			};
			name = Release;
		};
		236DEC282CE317EB00B7BC88 /* Debug */ = {
			isa = XCBuildConfiguration;
			buildSettings = {
				ALWAYS_EMBED_SWIFT_STANDARD_LIBRARIES = YES;
				BUNDLE_LOADER = "$(TEST_HOST)";
				CODE_SIGN_STYLE = Automatic;
				CURRENT_PROJECT_VERSION = 1;
				GENERATE_INFOPLIST_FILE = YES;
				IPHONEOS_DEPLOYMENT_TARGET = 17.5;
				MARKETING_VERSION = 1.0;
				PRODUCT_BUNDLE_IDENTIFIER = "com.zhehsien.tictactoe-but-betterTests";
				PRODUCT_NAME = "$(TARGET_NAME)";
				SWIFT_EMIT_LOC_STRINGS = NO;
				SWIFT_VERSION = 5.0;
				TARGETED_DEVICE_FAMILY = "1,2";
				TEST_HOST = "$(BUILT_PRODUCTS_DIR)/tictactoe but better.app/$(BUNDLE_EXECUTABLE_FOLDER_PATH)/tictactoe but better";
			};
			name = Debug;
		};
		236DEC292CE317EB00B7BC88 /* Release */ = {
			isa = XCBuildConfiguration;
			buildSettings = {
				ALWAYS_EMBED_SWIFT_STANDARD_LIBRARIES = YES;
				BUNDLE_LOADER = "$(TEST_HOST)";
				CODE_SIGN_STYLE = Automatic;
				CURRENT_PROJECT_VERSION = 1;
				GENERATE_INFOPLIST_FILE = YES;
				IPHONEOS_DEPLOYMENT_TARGET = 17.5;
				MARKETING_VERSION = 1.0;
				PRODUCT_BUNDLE_IDENTIFIER = "com.zhehsien.tictactoe-but-betterTests";
				PRODUCT_NAME = "$(TARGET_NAME)";
				SWIFT_EMIT_LOC_STRINGS = NO;
				SWIFT_VERSION = 5.0;
				TARGETED_DEVICE_FAMILY = "1,2";
				TEST_HOST = "$(BUILT_PRODUCTS_DIR)/tictactoe but better.app/$(BUNDLE_EXECUTABLE_FOLDER_PATH)/tictactoe but better";
			};
			name = Release;
		};
		236DEC2B2CE317EB00B7BC88 /* Debug */ = {
			isa = XCBuildConfiguration;
			buildSettings = {
				ALWAYS_EMBED_SWIFT_STANDARD_LIBRARIES = YES;
				CODE_SIGN_STYLE = Automatic;
				CURRENT_PROJECT_VERSION = 1;
				GENERATE_INFOPLIST_FILE = YES;
				MARKETING_VERSION = 1.0;
				PRODUCT_BUNDLE_IDENTIFIER = "com.zhehsien.tictactoe-but-betterUITests";
				PRODUCT_NAME = "$(TARGET_NAME)";
				SWIFT_EMIT_LOC_STRINGS = NO;
				SWIFT_VERSION = 5.0;
				TARGETED_DEVICE_FAMILY = "1,2";
				TEST_TARGET_NAME = "tictactoe but better";
			};
			name = Debug;
		};
		236DEC2C2CE317EB00B7BC88 /* Release */ = {
			isa = XCBuildConfiguration;
			buildSettings = {
				ALWAYS_EMBED_SWIFT_STANDARD_LIBRARIES = YES;
				CODE_SIGN_STYLE = Automatic;
				CURRENT_PROJECT_VERSION = 1;
				GENERATE_INFOPLIST_FILE = YES;
				MARKETING_VERSION = 1.0;
				PRODUCT_BUNDLE_IDENTIFIER = "com.zhehsien.tictactoe-but-betterUITests";
				PRODUCT_NAME = "$(TARGET_NAME)";
				SWIFT_EMIT_LOC_STRINGS = NO;
				SWIFT_VERSION = 5.0;
				TARGETED_DEVICE_FAMILY = "1,2";
				TEST_TARGET_NAME = "tictactoe but better";
			};
			name = Release;
		};
/* End XCBuildConfiguration section */

/* Begin XCConfigurationList section */
		236DEBFB2CE317E700B7BC88 /* Build configuration list for PBXProject "tictactoe but better" */ = {
			isa = XCConfigurationList;
			buildConfigurations = (
				236DEC222CE317EB00B7BC88 /* Debug */,
				236DEC232CE317EB00B7BC88 /* Release */,
			);
			defaultConfigurationIsVisible = 0;
			defaultConfigurationName = Release;
		};
		236DEC242CE317EB00B7BC88 /* Build configuration list for PBXNativeTarget "tictactoe but better" */ = {
			isa = XCConfigurationList;
			buildConfigurations = (
				236DEC252CE317EB00B7BC88 /* Debug */,
				236DEC262CE317EB00B7BC88 /* Release */,
			);
			defaultConfigurationIsVisible = 0;
			defaultConfigurationName = Release;
		};
		236DEC272CE317EB00B7BC88 /* Build configuration list for PBXNativeTarget "tictactoe but betterTests" */ = {
			isa = XCConfigurationList;
			buildConfigurations = (
				236DEC282CE317EB00B7BC88 /* Debug */,
				236DEC292CE317EB00B7BC88 /* Release */,
			);
			defaultConfigurationIsVisible = 0;
			defaultConfigurationName = Release;
		};
		236DEC2A2CE317EB00B7BC88 /* Build configuration list for PBXNativeTarget "tictactoe but betterUITests" */ = {
			isa = XCConfigurationList;
			buildConfigurations = (
				236DEC2B2CE317EB00B7BC88 /* Debug */,
				236DEC2C2CE317EB00B7BC88 /* Release */,
			);
			defaultConfigurationIsVisible = 0;
			defaultConfigurationName = Release;
		};
/* End XCConfigurationList section */
	};
	rootObject = 236DEBF82CE317E700B7BC88 /* Project object */;
}
